schema: '2.0'
stages:
  load_data:
    cmd: python src/load_data.py
    deps:
    - path: data/raw
      hash: md5
      md5: d751713988987e9331980363e24189ce.dir
      size: 0
      nfiles: 0
    outs:
    - path: data/processed
      hash: md5
      md5: d751713988987e9331980363e24189ce.dir
      size: 0
      nfiles: 0
    - path: data/processed_files.txt
      hash: md5
      md5: ecc159f0d65a991ae445571f3694ad6f
      size: 30
  prepare_data:
    cmd: python src/prepare_data.py
    deps:
    - path: data/processed_files.txt
      hash: md5
      md5: ecc159f0d65a991ae445571f3694ad6f
      size: 30
    - path: src/prepare_data.py
      hash: md5
      md5: 02cb8f8e9376e3171ab4750fb9d9e57e
      size: 682
    outs:
    - path: data/features.csv
      hash: md5
      md5: 7f30b6c459b0cf0bacc894414b0386b1
      size: 9915
  train:
    cmd: "mkdir -p models/checkpoints models/checkpoints_resume\npython src/train.py
      --resume_checkpoint models/checkpoints_resume/mnist-gammy-nave-03-val_loss0.057.ckpt\n"
    deps:
    - path: data/features.csv
      hash: md5
      md5: 7f30b6c459b0cf0bacc894414b0386b1
      size: 9915
    outs:
    - path: models/checkpoints
      hash: md5
      md5: d751713988987e9331980363e24189ce.dir
      size: 0
      nfiles: 0
    - path: models/checkpoints_resume
      hash: md5
      md5: 1ebae4b2dd0b5bed5539d25e39f5b9d7.dir
      size: 1232109
      nfiles: 1
