schema: '2.0'
stages:
  load_data:
    cmd: python src/load_data.py
    deps:
    - path: data/raw
      hash: md5
      md5: d751713988987e9331980363e24189ce.dir
      size: 0
      nfiles: 0
    outs:
    - path: data/processed
      hash: md5
      md5: d751713988987e9331980363e24189ce.dir
      size: 0
      nfiles: 0
    - path: data/processed_files.txt
      hash: md5
      md5: ecc159f0d65a991ae445571f3694ad6f
      size: 30
  prepare_data:
    cmd: python src/prepare_data.py
    deps:
    - path: data/processed_files.txt
      hash: md5
      md5: ecc159f0d65a991ae445571f3694ad6f
      size: 30
    - path: src/prepare_data.py
      hash: md5
      md5: 02cb8f8e9376e3171ab4750fb9d9e57e
      size: 682
    outs:
    - path: data/features.csv
      hash: md5
      md5: 85f4c130927853a84b30c8fe227411b1
      size: 9895
  train:
    cmd: python src/train.py
    deps:
    - path: data/features.csv
      hash: md5
      md5: 85f4c130927853a84b30c8fe227411b1
      size: 9895
    outs:
    - path: models/checkpoints
      hash: md5
      md5: 6841c320db7d1a0d7e0bc1ec2a324bb3.dir
      size: 7388402
      nfiles: 6
    - path: models/model.ckpt
      hash: md5
      md5: d9700be83948e8d03cdf93f5527bcca9
      size: 1231411
